// !$*UTF8*$!
{
	archiveVersion = 1;
	classes = {
	};
	objectVersion = 56;
	objects = {

/* Begin PBXBuildFile section */
		A10000000000000000000001 /* TaliaExporter/TaliaExporterApp.swift in Sources */ = {isa = PBXBuildFile; fileRef = A20000000000000000000001 /* TaliaExporter/TaliaExporterApp.swift */; };
		A10000000000000000000002 /* TaliaExporter/Domain/Identity.swift in Sources */ = {isa = PBXBuildFile; fileRef = A20000000000000000000002 /* TaliaExporter/Domain/Identity.swift */; };
		A10000000000000000000003 /* TaliaExporter/App/AppModel.swift in Sources */ = {isa = PBXBuildFile; fileRef = A20000000000000000000003 /* TaliaExporter/App/AppModel.swift */; };
		A10000000000000000000004 /* TaliaExporter/App/AppRootView.swift in Sources */ = {isa = PBXBuildFile; fileRef = A20000000000000000000004 /* TaliaExporter/App/AppRootView.swift */; };
		A10000000000000000000005 /* TaliaExporter/DesignSystem/TaliaTheme.swift in Sources */ = {isa = PBXBuildFile; fileRef = A20000000000000000000005 /* TaliaExporter/DesignSystem/TaliaTheme.swift */; };
		A10000000000000000000006 /* TaliaExporter/DesignSystem/TaliaComponents.swift in Sources */ = {isa = PBXBuildFile; fileRef = A20000000000000000000006 /* TaliaExporter/DesignSystem/TaliaComponents.swift */; };
		A10000000000000000000007 /* TaliaExporter/Features/Home/HomeView.swift in Sources */ = {isa = PBXBuildFile; fileRef = A20000000000000000000007 /* TaliaExporter/Features/Home/HomeView.swift */; };
		A10000000000000000000008 /* TaliaExporter/Features/Groups/GroupsView.swift in Sources */ = {isa = PBXBuildFile; fileRef = A20000000000000000000008 /* TaliaExporter/Features/Groups/GroupsView.swift */; };
		A10000000000000000000009 /* TaliaExporter/Features/Activity/ActivityView.swift in Sources */ = {isa = PBXBuildFile; fileRef = A20000000000000000000009 /* TaliaExporter/Features/Activity/ActivityView.swift */; };
		A1000000000000000000000A /* TaliaExporter/Features/Feed/LiveFeedView.swift in Sources */ = {isa = PBXBuildFile; fileRef = A2000000000000000000000A /* TaliaExporter/Features/Feed/LiveFeedView.swift */; };
		A1000000000000000000000B /* TaliaExporter/Features/Settings/SettingsView.swift in Sources */ = {isa = PBXBuildFile; fileRef = A2000000000000000000000B /* TaliaExporter/Features/Settings/SettingsView.swift */; };
		A1000000000000000000000C /* TaliaExporter/Features/Connection/ConnectionFlowView.swift in Sources */ = {isa = PBXBuildFile; fileRef = A2000000000000000000000C /* TaliaExporter/Features/Connection/ConnectionFlowView.swift */; };
		A1000000000000000000000D /* TaliaExporter/Resources/Assets.xcassets in Resources */ = {isa = PBXBuildFile; fileRef = A2000000000000000000000D /* TaliaExporter/Resources/Assets.xcassets */; };
		A1000000000000000000000F /* TaliaExporter/App/AppDependencies.swift in Sources */ = {isa = PBXBuildFile; fileRef = A2000000000000000000000F /* TaliaExporter/App/AppDependencies.swift */; };
		A10000000000000000000010 /* TaliaExporter/Features/Authentication/SignInView.swift in Sources */ = {isa = PBXBuildFile; fileRef = A20000000000000000000010 /* TaliaExporter/Features/Authentication/SignInView.swift */; };
		A10000000000000000000011 /* TaliaExporter/Infrastructure/Networking/APIClient.swift in Sources */ = {isa = PBXBuildFile; fileRef = A20000000000000000000011 /* TaliaExporter/Infrastructure/Networking/APIClient.swift */; };
		A10000000000000000000012 /* TaliaExporter/Infrastructure/Networking/ExporterAPI.swift in Sources */ = {isa = PBXBuildFile; fileRef = A20000000000000000000012 /* TaliaExporter/Infrastructure/Networking/ExporterAPI.swift */; };
		A10000000000000000000013 /* TaliaExporter/Infrastructure/Persistence/SecureCache.swift in Sources */ = {isa = PBXBuildFile; fileRef = A20000000000000000000013 /* TaliaExporter/Infrastructure/Persistence/SecureCache.swift */; };
		A10000000000000000000014 /* TaliaExporter/Infrastructure/Background/BackgroundRefreshCoordinator.swift in Sources */ = {isa = PBXBuildFile; fileRef = A20000000000000000000014 /* TaliaExporter/Infrastructure/Background/BackgroundRefreshCoordinator.swift */; };
		A10000000000000000000016 /* TaliaExporter/Domain/ExporterSession.swift in Sources */ = {isa = PBXBuildFile; fileRef = A20000000000000000000016 /* TaliaExporter/Domain/ExporterSession.swift */; };
		A10000000000000000000017 /* TaliaExporter/Domain/ExportGroup.swift in Sources */ = {isa = PBXBuildFile; fileRef = A20000000000000000000017 /* TaliaExporter/Domain/ExportGroup.swift */; };
		A10000000000000000000018 /* TaliaExporter/Domain/Capture.swift in Sources */ = {isa = PBXBuildFile; fileRef = A20000000000000000000018 /* TaliaExporter/Domain/Capture.swift */; };
		A10000000000000000000019 /* TaliaExporter/Domain/Date+Display.swift in Sources */ = {isa = PBXBuildFile; fileRef = A20000000000000000000019 /* TaliaExporter/Domain/Date+Display.swift */; };
		A1000000000000000000001A /* TaliaExporter/App/AppState.swift in Sources */ = {isa = PBXBuildFile; fileRef = A2000000000000000000001A /* TaliaExporter/App/AppState.swift */; };
		A1000000000000000000001B /* TaliaExporter/Preview/PreviewData.swift in Sources */ = {isa = PBXBuildFile; fileRef = A2000000000000000000001B /* TaliaExporter/Preview/PreviewData.swift */; };
		A1000000000000000000001C /* TaliaExporter/Infrastructure/Notifications/PushNotificationCoordinator.swift in Sources */ = {isa = PBXBuildFile; fileRef = A2000000000000000000001C /* TaliaExporter/Infrastructure/Notifications/PushNotificationCoordinator.swift */; };
		A1000000000000000000001D /* TaliaExporter/App/AppModel+Authentication.swift in Sources */ = {isa = PBXBuildFile; fileRef = A2000000000000000000001D /* TaliaExporter/App/AppModel+Authentication.swift */; };
		A1000000000000000000001E /* TaliaExporter/App/AppModel+Connection.swift in Sources */ = {isa = PBXBuildFile; fileRef = A2000000000000000000001E /* TaliaExporter/App/AppModel+Connection.swift */; };
		A1000000000000000000001F /* TaliaExporter/App/AppModel+Capture.swift in Sources */ = {isa = PBXBuildFile; fileRef = A2000000000000000000001F /* TaliaExporter/App/AppModel+Capture.swift */; };
		A10000000000000000000020 /* TaliaExporter/App/AppModel+Notifications.swift in Sources */ = {isa = PBXBuildFile; fileRef = A20000000000000000000020 /* TaliaExporter/App/AppModel+Notifications.swift */; };
/* End PBXBuildFile section */

/* Begin PBXFileReference section */
		A20000000000000000000001 /* TaliaExporter/TaliaExporterApp.swift */ = {isa = PBXFileReference; lastKnownFileType = sourcecode.swift; path = TaliaExporter/TaliaExporterApp.swift; sourceTree = SOURCE_ROOT; };
		A20000000000000000000002 /* TaliaExporter/Domain/Identity.swift */ = {isa = PBXFileReference; lastKnownFileType = sourcecode.swift; path = TaliaExporter/Domain/Identity.swift; sourceTree = SOURCE_ROOT; };
		A20000000000000000000003 /* TaliaExporter/App/AppModel.swift */ = {isa = PBXFileReference; lastKnownFileType = sourcecode.swift; path = TaliaExporter/App/AppModel.swift; sourceTree = SOURCE_ROOT; };
		A20000000000000000000004 /* TaliaExporter/App/AppRootView.swift */ = {isa = PBXFileReference; lastKnownFileType = sourcecode.swift; path = TaliaExporter/App/AppRootView.swift; sourceTree = SOURCE_ROOT; };
		A20000000000000000000005 /* TaliaExporter/DesignSystem/TaliaTheme.swift */ = {isa = PBXFileReference; lastKnownFileType = sourcecode.swift; path = TaliaExporter/DesignSystem/TaliaTheme.swift; sourceTree = SOURCE_ROOT; };
		A20000000000000000000006 /* TaliaExporter/DesignSystem/TaliaComponents.swift */ = {isa = PBXFileReference; lastKnownFileType = sourcecode.swift; path = TaliaExporter/DesignSystem/TaliaComponents.swift; sourceTree = SOURCE_ROOT; };
		A20000000000000000000007 /* TaliaExporter/Features/Home/HomeView.swift */ = {isa = PBXFileReference; lastKnownFileType = sourcecode.swift; path = TaliaExporter/Features/Home/HomeView.swift; sourceTree = SOURCE_ROOT; };
		A20000000000000000000008 /* TaliaExporter/Features/Groups/GroupsView.swift */ = {isa = PBXFileReference; lastKnownFileType = sourcecode.swift; path = TaliaExporter/Features/Groups/GroupsView.swift; sourceTree = SOURCE_ROOT; };
		A20000000000000000000009 /* TaliaExporter/Features/Activity/ActivityView.swift */ = {isa = PBXFileReference; lastKnownFileType = sourcecode.swift; path = TaliaExporter/Features/Activity/ActivityView.swift; sourceTree = SOURCE_ROOT; };
		A2000000000000000000000A /* TaliaExporter/Features/Feed/LiveFeedView.swift */ = {isa = PBXFileReference; lastKnownFileType = sourcecode.swift; path = TaliaExporter/Features/Feed/LiveFeedView.swift; sourceTree = SOURCE_ROOT; };
		A2000000000000000000000B /* TaliaExporter/Features/Settings/SettingsView.swift */ = {isa = PBXFileReference; lastKnownFileType = sourcecode.swift; path = TaliaExporter/Features/Settings/SettingsView.swift; sourceTree = SOURCE_ROOT; };
		A2000000000000000000000C /* TaliaExporter/Features/Connection/ConnectionFlowView.swift */ = {isa = PBXFileReference; lastKnownFileType = sourcecode.swift; path = TaliaExporter/Features/Connection/ConnectionFlowView.swift; sourceTree = SOURCE_ROOT; };
		A2000000000000000000000D /* TaliaExporter/Resources/Assets.xcassets */ = {isa = PBXFileReference; lastKnownFileType = folder.assetcatalog; path = TaliaExporter/Resources/Assets.xcassets; sourceTree = SOURCE_ROOT; };
		A2000000000000000000000E /* TaliaExporter.app */ = {isa = PBXFileReference; explicitFileType = wrapper.application; includeInIndex = 0; path = TaliaExporter.app; sourceTree = BUILT_PRODUCTS_DIR; };
		A2000000000000000000000F /* TaliaExporter/App/AppDependencies.swift */ = {isa = PBXFileReference; lastKnownFileType = sourcecode.swift; path = TaliaExporter/App/AppDependencies.swift; sourceTree = SOURCE_ROOT; };
		A20000000000000000000010 /* TaliaExporter/Features/Authentication/SignInView.swift */ = {isa = PBXFileReference; lastKnownFileType = sourcecode.swift; path = TaliaExporter/Features/Authentication/SignInView.swift; sourceTree = SOURCE_ROOT; };
		A20000000000000000000011 /* TaliaExporter/Infrastructure/Networking/APIClient.swift */ = {isa = PBXFileReference; lastKnownFileType = sourcecode.swift; path = TaliaExporter/Infrastructure/Networking/APIClient.swift; sourceTree = SOURCE_ROOT; };
		A20000000000000000000012 /* TaliaExporter/Infrastructure/Networking/ExporterAPI.swift */ = {isa = PBXFileReference; lastKnownFileType = sourcecode.swift; path = TaliaExporter/Infrastructure/Networking/ExporterAPI.swift; sourceTree = SOURCE_ROOT; };
		A20000000000000000000013 /* TaliaExporter/Infrastructure/Persistence/SecureCache.swift */ = {isa = PBXFileReference; lastKnownFileType = sourcecode.swift; path = TaliaExporter/Infrastructure/Persistence/SecureCache.swift; sourceTree = SOURCE_ROOT; };
		A20000000000000000000014 /* TaliaExporter/Infrastructure/Background/BackgroundRefreshCoordinator.swift */ = {isa = PBXFileReference; lastKnownFileType = sourcecode.swift; path = TaliaExporter/Infrastructure/Background/BackgroundRefreshCoordinator.swift; sourceTree = SOURCE_ROOT; };
		A20000000000000000000015 /* TaliaExporter/Resources/Info.plist */ = {isa = PBXFileReference; lastKnownFileType = text.plist.xml; path = TaliaExporter/Resources/Info.plist; sourceTree = SOURCE_ROOT; };
		A20000000000000000000016 /* TaliaExporter/Domain/ExporterSession.swift */ = {isa = PBXFileReference; lastKnownFileType = sourcecode.swift; path = TaliaExporter/Domain/ExporterSession.swift; sourceTree = SOURCE_ROOT; };
		A20000000000000000000017 /* TaliaExporter/Domain/ExportGroup.swift */ = {isa = PBXFileReference; lastKnownFileType = sourcecode.swift; path = TaliaExporter/Domain/ExportGroup.swift; sourceTree = SOURCE_ROOT; };
		A20000000000000000000018 /* TaliaExporter/Domain/Capture.swift */ = {isa = PBXFileReference; lastKnownFileType = sourcecode.swift; path = TaliaExporter/Domain/Capture.swift; sourceTree = SOURCE_ROOT; };
		A20000000000000000000019 /* TaliaExporter/Domain/Date+Display.swift */ = {isa = PBXFileReference; lastKnownFileType = sourcecode.swift; path = "TaliaExporter/Domain/Date+Display.swift"; sourceTree = SOURCE_ROOT; };
		A2000000000000000000001A /* TaliaExporter/App/AppState.swift */ = {isa = PBXFileReference; lastKnownFileType = sourcecode.swift; path = TaliaExporter/App/AppState.swift; sourceTree = SOURCE_ROOT; };
		A2000000000000000000001B /* TaliaExporter/Preview/PreviewData.swift */ = {isa = PBXFileReference; lastKnownFileType = sourcecode.swift; path = TaliaExporter/Preview/PreviewData.swift; sourceTree = SOURCE_ROOT; };
		A2000000000000000000001C /* TaliaExporter/Infrastructure/Notifications/PushNotificationCoordinator.swift */ = {isa = PBXFileReference; lastKnownFileType = sourcecode.swift; path = TaliaExporter/Infrastructure/Notifications/PushNotificationCoordinator.swift; sourceTree = SOURCE_ROOT; };
		A2000000000000000000001D /* TaliaExporter/App/AppModel+Authentication.swift */ = {isa = PBXFileReference; lastKnownFileType = sourcecode.swift; path = "TaliaExporter/App/AppModel+Authentication.swift"; sourceTree = SOURCE_ROOT; };
		A2000000000000000000001E /* TaliaExporter/App/AppModel+Connection.swift */ = {isa = PBXFileReference; lastKnownFileType = sourcecode.swift; path = "TaliaExporter/App/AppModel+Connection.swift"; sourceTree = SOURCE_ROOT; };
		A2000000000000000000001F /* TaliaExporter/App/AppModel+Capture.swift */ = {isa = PBXFileReference; lastKnownFileType = sourcecode.swift; path = "TaliaExporter/App/AppModel+Capture.swift"; sourceTree = SOURCE_ROOT; };
		A20000000000000000000020 /* TaliaExporter/App/AppModel+Notifications.swift */ = {isa = PBXFileReference; lastKnownFileType = sourcecode.swift; path = "TaliaExporter/App/AppModel+Notifications.swift"; sourceTree = SOURCE_ROOT; };
		A20000000000000000000021 /* TaliaExporter/Resources/TaliaExporter.entitlements */ = {isa = PBXFileReference; lastKnownFileType = text.plist.entitlements; path = TaliaExporter/Resources/TaliaExporter.entitlements; sourceTree = SOURCE_ROOT; };
/* End PBXFileReference section */

/* Begin PBXFrameworksBuildPhase section */
		A30000000000000000000001 /* Frameworks */ = {
			isa = PBXFrameworksBuildPhase;
			buildActionMask = 2147483647;
			files = (
			);
			runOnlyForDeploymentPostprocessing = 0;
		};
/* End PBXFrameworksBuildPhase section */

/* Begin PBXGroup section */
		A40000000000000000000001 = {
			isa = PBXGroup;
			children = (
				A40000000000000000000002 /* TaliaExporter */,
				A40000000000000000000003 /* Products */,
			);
			sourceTree = "<group>";
		};
		A40000000000000000000002 /* TaliaExporter */ = {
			isa = PBXGroup;
			children = (
				A20000000000000000000001 /* TaliaExporter/TaliaExporterApp.swift */,
				A2000000000000000000000F /* TaliaExporter/App/AppDependencies.swift */,
				A20000000000000000000003 /* TaliaExporter/App/AppModel.swift */,
				A2000000000000000000001D /* TaliaExporter/App/AppModel+Authentication.swift */,
				A2000000000000000000001E /* TaliaExporter/App/AppModel+Connection.swift */,
				A2000000000000000000001F /* TaliaExporter/App/AppModel+Capture.swift */,
				A20000000000000000000020 /* TaliaExporter/App/AppModel+Notifications.swift */,
				A20000000000000000000004 /* TaliaExporter/App/AppRootView.swift */,
				A20000000000000000000002 /* TaliaExporter/Domain/Identity.swift */,
				A20000000000000000000016 /* TaliaExporter/Domain/ExporterSession.swift */,
				A20000000000000000000017 /* TaliaExporter/Domain/ExportGroup.swift */,
				A20000000000000000000018 /* TaliaExporter/Domain/Capture.swift */,
				A20000000000000000000019 /* TaliaExporter/Domain/Date+Display.swift */,
				A2000000000000000000001A /* TaliaExporter/App/AppState.swift */,
				A2000000000000000000001B /* TaliaExporter/Preview/PreviewData.swift */,
				A20000000000000000000010 /* TaliaExporter/Features/Authentication/SignInView.swift */,
				A20000000000000000000011 /* TaliaExporter/Infrastructure/Networking/APIClient.swift */,
				A20000000000000000000012 /* TaliaExporter/Infrastructure/Networking/ExporterAPI.swift */,
				A20000000000000000000013 /* TaliaExporter/Infrastructure/Persistence/SecureCache.swift */,
				A20000000000000000000014 /* TaliaExporter/Infrastructure/Background/BackgroundRefreshCoordinator.swift */,
				A2000000000000000000001C /* TaliaExporter/Infrastructure/Notifications/PushNotificationCoordinator.swift */,
				A20000000000000000000005 /* TaliaExporter/DesignSystem/TaliaTheme.swift */,
				A20000000000000000000006 /* TaliaExporter/DesignSystem/TaliaComponents.swift */,
				A20000000000000000000007 /* TaliaExporter/Features/Home/HomeView.swift */,
				A20000000000000000000008 /* TaliaExporter/Features/Groups/GroupsView.swift */,
				A20000000000000000000009 /* TaliaExporter/Features/Activity/ActivityView.swift */,
				A2000000000000000000000A /* TaliaExporter/Features/Feed/LiveFeedView.swift */,
				A2000000000000000000000B /* TaliaExporter/Features/Settings/SettingsView.swift */,
				A2000000000000000000000C /* TaliaExporter/Features/Connection/ConnectionFlowView.swift */,
				A2000000000000000000000D /* TaliaExporter/Resources/Assets.xcassets */,
				A20000000000000000000015 /* TaliaExporter/Resources/Info.plist */,
				A20000000000000000000021 /* TaliaExporter/Resources/TaliaExporter.entitlements */,
			);
			name = TaliaExporter;
			sourceTree = "<group>";
		};
		A40000000000000000000003 /* Products */ = {
			isa = PBXGroup;
			children = (
				A2000000000000000000000E /* TaliaExporter.app */,
			);
			name = Products;
			sourceTree = "<group>";
		};
/* End PBXGroup section */

/* Begin PBXNativeTarget section */
		A50000000000000000000001 /* TaliaExporter */ = {
			isa = PBXNativeTarget;
			buildConfigurationList = A60000000000000000000002 /* Build configuration list for PBXNativeTarget "TaliaExporter" */;
			buildPhases = (
				A30000000000000000000002 /* Sources */,
				A30000000000000000000001 /* Frameworks */,
				A30000000000000000000003 /* Resources */,
			);
			buildRules = (
			);
			dependencies = (
			);
			name = TaliaExporter;
			productName = TaliaExporter;
			productReference = A2000000000000000000000E /* TaliaExporter.app */;
			productType = "com.apple.product-type.application";
		};
/* End PBXNativeTarget section */

/* Begin PBXProject section */
		A70000000000000000000001 /* Project object */ = {
			isa = PBXProject;
			attributes = {
				BuildIndependentTargetsInParallel = 1;
				LastSwiftUpdateCheck = 1600;
				LastUpgradeCheck = 1600;
				TargetAttributes = {
					A50000000000000000000001 = {
						CreatedOnToolsVersion = 16.0;
						SystemCapabilities = {
							com.apple.BackgroundModes = {
								enabled = 1;
							};
							com.apple.Push = {
								enabled = 1;
							};
						};
					};
				};
			};
			buildConfigurationList = A60000000000000000000001 /* Build configuration list for PBXProject "TaliaExporter" */;
			compatibilityVersion = "Xcode 14.0";
			developmentRegion = en;
			hasScannedForEncodings = 0;
			knownRegions = (
				en,
				Base,
			);
			mainGroup = A40000000000000000000001;
			productRefGroup = A40000000000000000000003 /* Products */;
			projectDirPath = "";
			projectRoot = "";
			targets = (
				A50000000000000000000001 /* TaliaExporter */,
			);
		};
/* End PBXProject section */

/* Begin PBXResourcesBuildPhase section */
		A30000000000000000000003 /* Resources */ = {
			isa = PBXResourcesBuildPhase;
			buildActionMask = 2147483647;
			files = (
				A1000000000000000000000D /* TaliaExporter/Resources/Assets.xcassets in Resources */,
			);
			runOnlyForDeploymentPostprocessing = 0;
		};
/* End PBXResourcesBuildPhase section */

/* Begin PBXSourcesBuildPhase section */
		A30000000000000000000002 /* Sources */ = {
			isa = PBXSourcesBuildPhase;
			buildActionMask = 2147483647;
			files = (
				A10000000000000000000001 /* TaliaExporter/TaliaExporterApp.swift in Sources */,
				A10000000000000000000002 /* TaliaExporter/Domain/Identity.swift in Sources */,
				A10000000000000000000003 /* TaliaExporter/App/AppModel.swift in Sources */,
				A1000000000000000000001D /* TaliaExporter/App/AppModel+Authentication.swift in Sources */,
				A1000000000000000000001E /* TaliaExporter/App/AppModel+Connection.swift in Sources */,
				A1000000000000000000001F /* TaliaExporter/App/AppModel+Capture.swift in Sources */,
				A10000000000000000000020 /* TaliaExporter/App/AppModel+Notifications.swift in Sources */,
				A10000000000000000000004 /* TaliaExporter/App/AppRootView.swift in Sources */,
				A10000000000000000000005 /* TaliaExporter/DesignSystem/TaliaTheme.swift in Sources */,
				A10000000000000000000006 /* TaliaExporter/DesignSystem/TaliaComponents.swift in Sources */,
				A10000000000000000000007 /* TaliaExporter/Features/Home/HomeView.swift in Sources */,
				A10000000000000000000008 /* TaliaExporter/Features/Groups/GroupsView.swift in Sources */,
				A10000000000000000000009 /* TaliaExporter/Features/Activity/ActivityView.swift in Sources */,
				A1000000000000000000000A /* TaliaExporter/Features/Feed/LiveFeedView.swift in Sources */,
				A1000000000000000000000B /* TaliaExporter/Features/Settings/SettingsView.swift in Sources */,
				A1000000000000000000000C /* TaliaExporter/Features/Connection/ConnectionFlowView.swift in Sources */,
				A1000000000000000000000F /* TaliaExporter/App/AppDependencies.swift in Sources */,
				A10000000000000000000010 /* TaliaExporter/Features/Authentication/SignInView.swift in Sources */,
				A10000000000000000000011 /* TaliaExporter/Infrastructure/Networking/APIClient.swift in Sources */,
				A10000000000000000000012 /* TaliaExporter/Infrastructure/Networking/ExporterAPI.swift in Sources */,
				A10000000000000000000013 /* TaliaExporter/Infrastructure/Persistence/SecureCache.swift in Sources */,
				A10000000000000000000014 /* TaliaExporter/Infrastructure/Background/BackgroundRefreshCoordinator.swift in Sources */,
				A10000000000000000000016 /* TaliaExporter/Domain/ExporterSession.swift in Sources */,
				A10000000000000000000017 /* TaliaExporter/Domain/ExportGroup.swift in Sources */,
				A10000000000000000000018 /* TaliaExporter/Domain/Capture.swift in Sources */,
				A10000000000000000000019 /* TaliaExporter/Domain/Date+Display.swift in Sources */,
				A1000000000000000000001A /* TaliaExporter/App/AppState.swift in Sources */,
				A1000000000000000000001B /* TaliaExporter/Preview/PreviewData.swift in Sources */,
				A1000000000000000000001C /* TaliaExporter/Infrastructure/Notifications/PushNotificationCoordinator.swift in Sources */,
			);
			runOnlyForDeploymentPostprocessing = 0;
		};
/* End PBXSourcesBuildPhase section */

/* Begin XCBuildConfiguration section */
		A80000000000000000000001 /* Debug */ = {
			isa = XCBuildConfiguration;
			buildSettings = {
				ALWAYS_SEARCH_USER_PATHS = NO;
				CLANG_ENABLE_MODULES = YES;
				CLANG_ENABLE_OBJC_ARC = YES;
				COPY_PHASE_STRIP = NO;
				DEBUG_INFORMATION_FORMAT = dwarf;
				ENABLE_TESTABILITY = YES;
				GCC_C_LANGUAGE_STANDARD = gnu17;
				GCC_OPTIMIZATION_LEVEL = 0;
				IPHONEOS_DEPLOYMENT_TARGET = 17.0;
				ONLY_ACTIVE_ARCH = YES;
				SDKROOT = iphoneos;
				SWIFT_ACTIVE_COMPILATION_CONDITIONS = "DEBUG $(inherited)";
				SWIFT_OPTIMIZATION_LEVEL = "-Onone";
			};
			name = Debug;
		};
		A80000000000000000000002 /* Release */ = {
			isa = XCBuildConfiguration;
			buildSettings = {
				ALWAYS_SEARCH_USER_PATHS = NO;
				CLANG_ENABLE_MODULES = YES;
				CLANG_ENABLE_OBJC_ARC = YES;
				COPY_PHASE_STRIP = NO;
				DEBUG_INFORMATION_FORMAT = "dwarf-with-dsym";
				GCC_C_LANGUAGE_STANDARD = gnu17;
				IPHONEOS_DEPLOYMENT_TARGET = 17.0;
				SDKROOT = iphoneos;
				SWIFT_COMPILATION_MODE = wholemodule;
				VALIDATE_PRODUCT = YES;
			};
			name = Release;
		};
		A80000000000000000000003 /* Debug */ = {
			isa = XCBuildConfiguration;
			buildSettings = {
				APS_ENVIRONMENT = development;
				ASSETCATALOG_COMPILER_APPICON_NAME = AppIcon;
				ASSETCATALOG_COMPILER_GLOBAL_ACCENT_COLOR_NAME = AccentColor;
				CODE_SIGN_ENTITLEMENTS = TaliaExporter/Resources/TaliaExporter.entitlements;
				CODE_SIGN_STYLE = Automatic;
				CURRENT_PROJECT_VERSION = 2;
				DEVELOPMENT_ASSET_PATHS = "";
				DEVELOPMENT_TEAM = S3SCDDP668;
				ENABLE_PREVIEWS = YES;
				GENERATE_INFOPLIST_FILE = NO;
				INFOPLIST_FILE = TaliaExporter/Resources/Info.plist;
				INFOPLIST_KEY_CFBundleDisplayName = "Talia Exporter";
				INFOPLIST_KEY_LSApplicationCategoryType = "public.app-category.business";
				INFOPLIST_KEY_UIApplicationSceneManifest_Generation = YES;
				INFOPLIST_KEY_UIApplicationSupportsIndirectInputEvents = YES;
				INFOPLIST_KEY_UILaunchScreen_Generation = YES;
				IPHONEOS_DEPLOYMENT_TARGET = 17.0;
				LD_RUNPATH_SEARCH_PATHS = (
					"$(inherited)",
					"@executable_path/Frameworks",
				);
				MARKETING_VERSION = 0.1.0;
				PRODUCT_BUNDLE_IDENTIFIER = com.talia.exporter;
				PRODUCT_NAME = "$(TARGET_NAME)";
				SUPPORTED_PLATFORMS = "iphoneos iphonesimulator";
				SUPPORTS_MACCATALYST = NO;
				SWIFT_EMIT_LOC_STRINGS = YES;
				SWIFT_VERSION = 5.0;
				TARGETED_DEVICE_FAMILY = 1;
			};
			name = Debug;
		};
		A80000000000000000000004 /* Release */ = {
			isa = XCBuildConfiguration;
			buildSettings = {
				APS_ENVIRONMENT = production;
				ASSETCATALOG_COMPILER_APPICON_NAME = AppIcon;
				ASSETCATALOG_COMPILER_GLOBAL_ACCENT_COLOR_NAME = AccentColor;
				CODE_SIGN_ENTITLEMENTS = TaliaExporter/Resources/TaliaExporter.entitlements;
				CODE_SIGN_STYLE = Automatic;
				CURRENT_PROJECT_VERSION = 2;
				DEVELOPMENT_ASSET_PATHS = "";
				DEVELOPMENT_TEAM = S3SCDDP668;
				ENABLE_PREVIEWS = YES;
				GENERATE_INFOPLIST_FILE = NO;
				INFOPLIST_FILE = TaliaExporter/Resources/Info.plist;
				INFOPLIST_KEY_CFBundleDisplayName = "Talia Exporter";
				INFOPLIST_KEY_LSApplicationCategoryType = "public.app-category.business";
				INFOPLIST_KEY_UIApplicationSceneManifest_Generation = YES;
				INFOPLIST_KEY_UIApplicationSupportsIndirectInputEvents = YES;
				INFOPLIST_KEY_UILaunchScreen_Generation = YES;
				IPHONEOS_DEPLOYMENT_TARGET = 17.0;
				LD_RUNPATH_SEARCH_PATHS = (
					"$(inherited)",
					"@executable_path/Frameworks",
				);
				MARKETING_VERSION = 0.1.0;
				PRODUCT_BUNDLE_IDENTIFIER = com.talia.exporter;
				PRODUCT_NAME = "$(TARGET_NAME)";
				SUPPORTED_PLATFORMS = "iphoneos iphonesimulator";
				SUPPORTS_MACCATALYST = NO;
				SWIFT_EMIT_LOC_STRINGS = YES;
				SWIFT_VERSION = 5.0;
				TARGETED_DEVICE_FAMILY = 1;
			};
			name = Release;
		};
/* End XCBuildConfiguration section */

/* Begin XCConfigurationList section */
		A60000000000000000000001 /* Build configuration list for PBXProject "TaliaExporter" */ = {
			isa = XCConfigurationList;
			buildConfigurations = (
				A80000000000000000000001 /* Debug */,
				A80000000000000000000002 /* Release */,
			);
			defaultConfigurationIsVisible = 0;
			defaultConfigurationName = Release;
		};
		A60000000000000000000002 /* Build configuration list for PBXNativeTarget "TaliaExporter" */ = {
			isa = XCConfigurationList;
			buildConfigurations = (
				A80000000000000000000003 /* Debug */,
				A80000000000000000000004 /* Release */,
			);
			defaultConfigurationIsVisible = 0;
			defaultConfigurationName = Release;
		};
/* End XCConfigurationList section */
	};
	rootObject = A70000000000000000000001 /* Project object */;
}
